{
  "name": "knitout-analyzer",
  "lockfileVersion": 2,
  "requires": true,
  "packages": {
    "": {
      "dependencies": {
        "knitout": "^1.0.3"
      }
    },
    "node_modules/knitout": {
      "version": "1.0.3",
      "resolved": "https://registry.npmjs.org/knitout/-/knitout-1.0.3.tgz",
      "integrity": "sha512-76goypyy9KD/z3wXgKq4wmn8a+NZJ9zgSGltywM1+F6QKZ3LxvWC7JpiHzBKl3Hieh4mp/oTwbsjMs8hUhVntQ=="
    }
  },
  "dependencies": {
    "knitout": {
      "version": "1.0.3",
      "resolved": "https://registry.npmjs.org/knitout/-/knitout-1.0.3.tgz",
      "integrity": "sha512-76goypyy9KD/z3wXgKq4wmn8a+NZJ9zgSGltywM1+F6QKZ3LxvWC7JpiHzBKl3Hieh4mp/oTwbsjMs8hUhVntQ=="
    }
  }
}
